
Microsoft Visual Studio Solution File, Format Version 12.00
# Visual Studio Version 16
VisualStudioVersion = 16.0.29613.14
MinimumVisualStudioVersion = 10.0.40219.1
Project("{8BC9CEB8-8B4A-11D0-8D11-00A0C91BC942}") = "BGA", "BGA\BGA.vcxproj", "{BBB0F7B3-DDBD-4218-A9E2-7BB130377D5E}"
EndProject
Project("{8BC9CEB8-8B4A-11D0-8D11-00A0C91BC942}") = "Shooting", "Shooting\Shooting.vcxproj", "{45F8F608-D4D5-41DF-9D0C-FBE0E6222129}"
EndProject
Project("{8BC9CEB8-8B4A-11D0-8D11-00A0C91BC942}") = "TowerDefense", "TowerDefense\TowerDefense.vcxproj", "{7607A0F8-640D-4ED2-8526-BC3E8962075B}"
EndProject
Global
	GlobalSection(SolutionConfigurationPlatforms) = preSolution
		Debug|x64 = Debug|x64
		Debug|x86 = Debug|x86
		Release|x64 = Release|x64
		Release|x86 = Release|x86
	EndGlobalSection
	GlobalSection(ProjectConfigurationPlatforms) = postSolution
		{BBB0F7B3-DDBD-4218-A9E2-7BB130377D5E}.Debug|x64.ActiveCfg = Debug|x64
		{BBB0F7B3-DDBD-4218-A9E2-7BB130377D5E}.Debug|x64.Build.0 = Debug|x64
		{BBB0F7B3-DDBD-4218-A9E2-7BB130377D5E}.Debug|x86.ActiveCfg = Debug|Win32
		{BBB0F7B3-DDBD-4218-A9E2-7BB130377D5E}.Debug|x86.Build.0 = Debug|Win32
		{BBB0F7B3-DDBD-4218-A9E2-7BB130377D5E}.Release|x64.ActiveCfg = Release|x64
		{BBB0F7B3-DDBD-4218-A9E2-7BB130377D5E}.Release|x64.Build.0 = Release|x64
		{BBB0F7B3-DDBD-4218-A9E2-7BB130377D5E}.Release|x86.ActiveCfg = Release|Win32
		{BBB0F7B3-DDBD-4218-A9E2-7BB130377D5E}.Release|x86.Build.0 = Release|Win32
		{45F8F608-D4D5-41DF-9D0C-FBE0E6222129}.Debug|x64.ActiveCfg = Debug|x64
		{45F8F608-D4D5-41DF-9D0C-FBE0E6222129}.Debug|x64.Build.0 = Debug|x64
		{45F8F608-D4D5-41DF-9D0C-FBE0E6222129}.Debug|x86.ActiveCfg = Debug|Win32
		{45F8F608-D4D5-41DF-9D0C-FBE0E6222129}.Debug|x86.Build.0 = Debug|Win32
		{45F8F608-D4D5-41DF-9D0C-FBE0E6222129}.Release|x64.ActiveCfg = Release|x64
		{45F8F608-D4D5-41DF-9D0C-FBE0E6222129}.Release|x64.Build.0 = Release|x64
		{45F8F608-D4D5-41DF-9D0C-FBE0E6222129}.Release|x86.ActiveCfg = Release|Win32
		{45F8F608-D4D5-41DF-9D0C-FBE0E6222129}.Release|x86.Build.0 = Release|Win32
		{7607A0F8-640D-4ED2-8526-BC3E8962075B}.Debug|x64.ActiveCfg = Debug|x64
		{7607A0F8-640D-4ED2-8526-BC3E8962075B}.Debug|x64.Build.0 = Debug|x64
		{7607A0F8-640D-4ED2-8526-BC3E8962075B}.Debug|x86.ActiveCfg = Debug|Win32
		{7607A0F8-640D-4ED2-8526-BC3E8962075B}.Debug|x86.Build.0 = Debug|Win32
		{7607A0F8-640D-4ED2-8526-BC3E8962075B}.Release|x64.ActiveCfg = Release|x64
		{7607A0F8-640D-4ED2-8526-BC3E8962075B}.Release|x64.Build.0 = Release|x64
		{7607A0F8-640D-4ED2-8526-BC3E8962075B}.Release|x86.ActiveCfg = Release|Win32
		{7607A0F8-640D-4ED2-8526-BC3E8962075B}.Release|x86.Build.0 = Release|Win32
	EndGlobalSection
	GlobalSection(SolutionProperties) = preSolution
		HideSolutionNode = FALSE
	EndGlobalSection
	GlobalSection(ExtensibilityGlobals) = postSolution
		SolutionGuid = {D308A887-D319-47F8-B667-721D2DD69A3F}
	EndGlobalSection
EndGlobal
